
Microsoft Visual Studio Solution File, Format Version 12.00
# Visual Studio Version 17
VisualStudioVersion = 17.5.002.0
MinimumVisualStudioVersion = 10.0.40219.1
Project("{9A19103F-16F7-4668-BE54-9A1E7A4F7556}") = "Lectura GPX", "Lectura GPX.csproj", "{63AA99E2-D64B-4529-9AFD-8FEEBB718A74}"
EndProject
Global
	GlobalSection(SolutionConfigurationPlatforms) = preSolution
		Debug|Any CPU = Debug|Any CPU
		Release|Any CPU = Release|Any CPU
	EndGlobalSection
	GlobalSection(ProjectConfigurationPlatforms) = postSolution
		{63AA99E2-D64B-4529-9AFD-8FEEBB718A74}.Debug|Any CPU.ActiveCfg = Debug|Any CPU
		{63AA99E2-D64B-4529-9AFD-8FEEBB718A74}.Debug|Any CPU.Build.0 = Debug|Any CPU
		{63AA99E2-D64B-4529-9AFD-8FEEBB718A74}.Release|Any CPU.ActiveCfg = Release|Any CPU
		{63AA99E2-D64B-4529-9AFD-8FEEBB718A74}.Release|Any CPU.Build.0 = Release|Any CPU
	EndGlobalSection
	GlobalSection(SolutionProperties) = preSolution
		HideSolutionNode = FALSE
	EndGlobalSection
	GlobalSection(ExtensibilityGlobals) = postSolution
		SolutionGuid = {ECA7897D-AA21-44FE-BB8A-0BBE18FD8FA8}
	EndGlobalSection
EndGlobal
